// !$*UTF8*$!
{
	archiveVersion = 1;
	classes = {
	};
	objectVersion = 50;
	objects = {

/* Begin PBXBuildFile section */
		4258F0DE249C78F8007AFA5E /* AppDelegate.swift in Sources */ = {isa = PBXBuildFile; fileRef = 4258F0DD249C78F8007AFA5E /* AppDelegate.swift */; };
		4258F0E0249C78F8007AFA5E /* SceneDelegate.swift in Sources */ = {isa = PBXBuildFile; fileRef = 4258F0DF249C78F8007AFA5E /* SceneDelegate.swift */; };
		4258F0E2249C78F8007AFA5E /* ViewController.swift in Sources */ = {isa = PBXBuildFile; fileRef = 4258F0E1249C78F8007AFA5E /* ViewController.swift */; };
		4258F0E5249C78F8007AFA5E /* Main.storyboard in Resources */ = {isa = PBXBuildFile; fileRef = 4258F0E3249C78F8007AFA5E /* Main.storyboard */; };
		4258F0E7249C78FB007AFA5E /* Assets.xcassets in Resources */ = {isa = PBXBuildFile; fileRef = 4258F0E6249C78FB007AFA5E /* Assets.xcassets */; };
		4258F0EA249C78FB007AFA5E /* LaunchScreen.storyboard in Resources */ = {isa = PBXBuildFile; fileRef = 4258F0E8249C78FB007AFA5E /* LaunchScreen.storyboard */; };
		4258F0F2249C7ECD007AFA5E /* NextViewController.swift in Sources */ = {isa = PBXBuildFile; fileRef = 4258F0F1249C7ECD007AFA5E /* NextViewController.swift */; };
/* End PBXBuildFile section */

/* Begin PBXFileReference section */
		4258F0DA249C78F8007AFA5E /* SwiftTransition.app */ = {isa = PBXFileReference; explicitFileType = wrapper.application; includeInIndex = 0; path = SwiftTransition.app; sourceTree = BUILT_PRODUCTS_DIR; };
		4258F0DD249C78F8007AFA5E /* AppDelegate.swift */ = {isa = PBXFileReference; lastKnownFileType = sourcecode.swift; path = AppDelegate.swift; sourceTree = "<group>"; };
		4258F0DF249C78F8007AFA5E /* SceneDelegate.swift */ = {isa = PBXFileReference; lastKnownFileType = sourcecode.swift; path = SceneDelegate.swift; sourceTree = "<group>"; };
		4258F0E1249C78F8007AFA5E /* ViewController.swift */ = {isa = PBXFileReference; lastKnownFileType = sourcecode.swift; path = ViewController.swift; sourceTree = "<group>"; };
		4258F0E4249C78F8007AFA5E /* Base */ = {isa = PBXFileReference; lastKnownFileType = file.storyboard; name = Base; path = Base.lproj/Main.storyboard; sourceTree = "<group>"; };
		4258F0E6249C78FB007AFA5E /* Assets.xcassets */ = {isa = PBXFileReference; lastKnownFileType = folder.assetcatalog; path = Assets.xcassets; sourceTree = "<group>"; };
		4258F0E9249C78FB007AFA5E /* Base */ = {isa = PBXFileReference; lastKnownFileType = file.storyboard; name = Base; path = Base.lproj/LaunchScreen.storyboard; sourceTree = "<group>"; };
		4258F0EB249C78FB007AFA5E /* Info.plist */ = {isa = PBXFileReference; lastKnownFileType = text.plist.xml; path = Info.plist; sourceTree = "<group>"; };
		4258F0F1249C7ECD007AFA5E /* NextViewController.swift */ = {isa = PBXFileReference; lastKnownFileType = sourcecode.swift; path = NextViewController.swift; sourceTree = "<group>"; };
/* End PBXFileReference section */

/* Begin PBXFrameworksBuildPhase section */
		4258F0D7249C78F8007AFA5E /* Frameworks */ = {
			isa = PBXFrameworksBuildPhase;
			buildActionMask = 2147483647;
			files = (
			);
			runOnlyForDeploymentPostprocessing = 0;
		};
/* End PBXFrameworksBuildPhase section */

/* Begin PBXGroup section */
		4258F0D1249C78F8007AFA5E = {
			isa = PBXGroup;
			children = (
				4258F0DC249C78F8007AFA5E /* SwiftTransition */,
				4258F0DB249C78F8007AFA5E /* Products */,
			);
			sourceTree = "<group>";
		};
		4258F0DB249C78F8007AFA5E /* Products */ = {
			isa = PBXGroup;
			children = (
				4258F0DA249C78F8007AFA5E /* SwiftTransition.app */,
			);
			name = Products;
			sourceTree = "<group>";
		};
		4258F0DC249C78F8007AFA5E /* SwiftTransition */ = {
			isa = PBXGroup;
			children = (
				4258F0DD249C78F8007AFA5E /* AppDelegate.swift */,
				4258F0DF249C78F8007AFA5E /* SceneDelegate.swift */,
				4258F0E1249C78F8007AFA5E /* ViewController.swift */,
				4258F0F1249C7ECD007AFA5E /* NextViewController.swift */,
				4258F0E3249C78F8007AFA5E /* Main.storyboard */,
				4258F0E6249C78FB007AFA5E /* Assets.xcassets */,
				4258F0E8249C78FB007AFA5E /* LaunchScreen.storyboard */,
				4258F0EB249C78FB007AFA5E /* Info.plist */,
			);
			path = SwiftTransition;
			sourceTree = "<group>";
		};
/* End PBXGroup section */

/* Begin PBXNativeTarget section */
		4258F0D9249C78F8007AFA5E /* SwiftTransition */ = {
			isa = PBXNativeTarget;
			buildConfigurationList = 4258F0EE249C78FB007AFA5E /* Build configuration list for PBXNativeTarget "SwiftTransition" */;
			buildPhases = (
				4258F0D6249C78F8007AFA5E /* Sources */,
				4258F0D7249C78F8007AFA5E /* Frameworks */,
				4258F0D8249C78F8007AFA5E /* Resources */,
			);
			buildRules = (
			);
			dependencies = (
			);
			name = SwiftTransition;
			productName = SwiftTransition;
			productReference = 4258F0DA249C78F8007AFA5E /* SwiftTransition.app */;
			productType = "com.apple.product-type.application";
		};
/* End PBXNativeTarget section */

/* Begin PBXProject section */
		4258F0D2249C78F8007AFA5E /* Project object */ = {
			isa = PBXProject;
			attributes = {
				LastSwiftUpdateCheck = 1150;
				LastUpgradeCheck = 1150;
				ORGANIZATIONNAME = "Adachi Atsushi";
				TargetAttributes = {
					4258F0D9249C78F8007AFA5E = {
						CreatedOnToolsVersion = 11.5;
					};
				};
			};
			buildConfigurationList = 4258F0D5249C78F8007AFA5E /* Build configuration list for PBXProject "SwiftTransition" */;
			compatibilityVersion = "Xcode 9.3";
			developmentRegion = en;
			hasScannedForEncodings = 0;
			knownRegions = (
				en,
				Base,
			);
			mainGroup = 4258F0D1249C78F8007AFA5E;
			productRefGroup = 4258F0DB249C78F8007AFA5E /* Products */;
			projectDirPath = "";
			projectRoot = "";
			targets = (
				4258F0D9249C78F8007AFA5E /* SwiftTransition */,
			);
		};
/* End PBXProject section */

/* Begin PBXResourcesBuildPhase section */
		4258F0D8249C78F8007AFA5E /* Resources */ = {
			isa = PBXResourcesBuildPhase;
			buildActionMask = 2147483647;
			files = (
				4258F0EA249C78FB007AFA5E /* LaunchScreen.storyboard in Resources */,
				4258F0E7249C78FB007AFA5E /* Assets.xcassets in Resources */,
				4258F0E5249C78F8007AFA5E /* Main.storyboard in Resources */,
			);
			runOnlyForDeploymentPostprocessing = 0;
		};
/* End PBXResourcesBuildPhase section */

/* Begin PBXSourcesBuildPhase section */
		4258F0D6249C78F8007AFA5E /* Sources */ = {
			isa = PBXSourcesBuildPhase;
			buildActionMask = 2147483647;
			files = (
				4258F0E2249C78F8007AFA5E /* ViewController.swift in Sources */,
				4258F0F2249C7ECD007AFA5E /* NextViewController.swift in Sources */,
				4258F0DE249C78F8007AFA5E /* AppDelegate.swift in Sources */,
				4258F0E0249C78F8007AFA5E /* SceneDelegate.swift in Sources */,
			);
			runOnlyForDeploymentPostprocessing = 0;
		};
/* End PBXSourcesBuildPhase section */

/* Begin PBXVariantGroup section */
		4258F0E3249C78F8007AFA5E /* Main.storyboard */ = {
			isa = PBXVariantGroup;
			children = (
				4258F0E4249C78F8007AFA5E /* Base */,
			);
			name = Main.storyboard;
			sourceTree = "<group>";
		};
		4258F0E8249C78FB007AFA5E /* LaunchScreen.storyboard */ = {
			isa = PBXVariantGroup;
			children = (
				4258F0E9249C78FB007AFA5E /* Base */,
			);
			name = LaunchScreen.storyboard;
			sourceTree = "<group>";
		};
/* End PBXVariantGroup section */

/* Begin XCBuildConfiguration section */
		4258F0EC249C78FB007AFA5E /* Debug */ = {
			isa = XCBuildConfiguration;
			buildSettings = {
				ALWAYS_SEARCH_USER_PATHS = NO;
				CLANG_ANALYZER_NONNULL = YES;
				CLANG_ANALYZER_NUMBER_OBJECT_CONVERSION = YES_AGGRESSIVE;
				CLANG_CXX_LANGUAGE_STANDARD = "gnu++14";
				CLANG_CXX_LIBRARY = "libc++";
				CLANG_ENABLE_MODULES = YES;
				CLANG_ENABLE_OBJC_ARC = YES;
				CLANG_ENABLE_OBJC_WEAK = YES;
				CLANG_WARN_BLOCK_CAPTURE_AUTORELEASING = YES;
				CLANG_WARN_BOOL_CONVERSION = YES;
				CLANG_WARN_COMMA = YES;
				CLANG_WARN_CONSTANT_CONVERSION = YES;
				CLANG_WARN_DEPRECATED_OBJC_IMPLEMENTATIONS = YES;
				CLANG_WARN_DIRECT_OBJC_ISA_USAGE = YES_ERROR;
				CLANG_WARN_DOCUMENTATION_COMMENTS = YES;
				CLANG_WARN_EMPTY_BODY = YES;
				CLANG_WARN_ENUM_CONVERSION = YES;
				CLANG_WARN_INFINITE_RECURSION = YES;
				CLANG_WARN_INT_CONVERSION = YES;
				CLANG_WARN_NON_LITERAL_NULL_CONVERSION = YES;
				CLANG_WARN_OBJC_IMPLICIT_RETAIN_SELF = YES;
				CLANG_WARN_OBJC_LITERAL_CONVERSION = YES;
				CLANG_WARN_OBJC_ROOT_CLASS = YES_ERROR;
				CLANG_WARN_RANGE_LOOP_ANALYSIS = YES;
				CLANG_WARN_STRICT_PROTOTYPES = YES;
				CLANG_WARN_SUSPICIOUS_MOVE = YES;
				CLANG_WARN_UNGUARDED_AVAILABILITY = YES_AGGRESSIVE;
				CLANG_WARN_UNREACHABLE_CODE = YES;
				CLANG_WARN__DUPLICATE_METHOD_MATCH = YES;
				COPY_PHASE_STRIP = NO;
				DEBUG_INFORMATION_FORMAT = dwarf;
				ENABLE_STRICT_OBJC_MSGSEND = YES;
				ENABLE_TESTABILITY = YES;
				GCC_C_LANGUAGE_STANDARD = gnu11;
				GCC_DYNAMIC_NO_PIC = NO;
				GCC_NO_COMMON_BLOCKS = YES;
				GCC_OPTIMIZATION_LEVEL = 0;
				GCC_PREPROCESSOR_DEFINITIONS = (
					"DEBUG=1",
					"$(inherited)",
				);
				GCC_WARN_64_TO_32_BIT_CONVERSION = YES;
				GCC_WARN_ABOUT_RETURN_TYPE = YES_ERROR;
				GCC_WARN_UNDECLARED_SELECTOR = YES;
				GCC_WARN_UNINITIALIZED_AUTOS = YES_AGGRESSIVE;
				GCC_WARN_UNUSED_FUNCTION = YES;
				GCC_WARN_UNUSED_VARIABLE = YES;
				IPHONEOS_DEPLOYMENT_TARGET = 13.5;
				MTL_ENABLE_DEBUG_INFO = INCLUDE_SOURCE;
				MTL_FAST_MATH = YES;
				ONLY_ACTIVE_ARCH = YES;
				SDKROOT = iphoneos;
				SWIFT_ACTIVE_COMPILATION_CONDITIONS = DEBUG;
				SWIFT_OPTIMIZATION_LEVEL = "-Onone";
			};
			name = Debug;
		};
		4258F0ED249C78FB007AFA5E /* Release */ = {
			isa = XCBuildConfiguration;
			buildSettings = {
				ALWAYS_SEARCH_USER_PATHS = NO;
				CLANG_ANALYZER_NONNULL = YES;
				CLANG_ANALYZER_NUMBER_OBJECT_CONVERSION = YES_AGGRESSIVE;
				CLANG_CXX_LANGUAGE_STANDARD = "gnu++14";
				CLANG_CXX_LIBRARY = "libc++";
				CLANG_ENABLE_MODULES = YES;
				CLANG_ENABLE_OBJC_ARC = YES;
				CLANG_ENABLE_OBJC_WEAK = YES;
				CLANG_WARN_BLOCK_CAPTURE_AUTORELEASING = YES;
				CLANG_WARN_BOOL_CONVERSION = YES;
				CLANG_WARN_COMMA = YES;
				CLANG_WARN_CONSTANT_CONVERSION = YES;
				CLANG_WARN_DEPRECATED_OBJC_IMPLEMENTATIONS = YES;
				CLANG_WARN_DIRECT_OBJC_ISA_USAGE = YES_ERROR;
				CLANG_WARN_DOCUMENTATION_COMMENTS = YES;
				CLANG_WARN_EMPTY_BODY = YES;
				CLANG_WARN_ENUM_CONVERSION = YES;
				CLANG_WARN_INFINITE_RECURSION = YES;
				CLANG_WARN_INT_CONVERSION = YES;
				CLANG_WARN_NON_LITERAL_NULL_CONVERSION = YES;
				CLANG_WARN_OBJC_IMPLICIT_RETAIN_SELF = YES;
				CLANG_WARN_OBJC_LITERAL_CONVERSION = YES;
				CLANG_WARN_OBJC_ROOT_CLASS = YES_ERROR;
				CLANG_WARN_RANGE_LOOP_ANALYSIS = YES;
				CLANG_WARN_STRICT_PROTOTYPES = YES;
				CLANG_WARN_SUSPICIOUS_MOVE = YES;
				CLANG_WARN_UNGUARDED_AVAILABILITY = YES_AGGRESSIVE;
				CLANG_WARN_UNREACHABLE_CODE = YES;
				CLANG_WARN__DUPLICATE_METHOD_MATCH = YES;
				COPY_PHASE_STRIP = NO;
				DEBUG_INFORMATION_FORMAT = "dwarf-with-dsym";
				ENABLE_NS_ASSERTIONS = NO;
				ENABLE_STRICT_OBJC_MSGSEND = YES;
				GCC_C_LANGUAGE_STANDARD = gnu11;
				GCC_NO_COMMON_BLOCKS = YES;
				GCC_WARN_64_TO_32_BIT_CONVERSION = YES;
				GCC_WARN_ABOUT_RETURN_TYPE = YES_ERROR;
				GCC_WARN_UNDECLARED_SELECTOR = YES;
				GCC_WARN_UNINITIALIZED_AUTOS = YES_AGGRESSIVE;
				GCC_WARN_UNUSED_FUNCTION = YES;
				GCC_WARN_UNUSED_VARIABLE = YES;
				IPHONEOS_DEPLOYMENT_TARGET = 13.5;
				MTL_ENABLE_DEBUG_INFO = NO;
				MTL_FAST_MATH = YES;
				SDKROOT = iphoneos;
				SWIFT_COMPILATION_MODE = wholemodule;
				SWIFT_OPTIMIZATION_LEVEL = "-O";
				VALIDATE_PRODUCT = YES;
			};
			name = Release;
		};
		4258F0EF249C78FB007AFA5E /* Debug */ = {
			isa = XCBuildConfiguration;
			buildSettings = {
				ASSETCATALOG_COMPILER_APPICON_NAME = AppIcon;
				CODE_SIGN_STYLE = Automatic;
				INFOPLIST_FILE = SwiftTransition/Info.plist;
				LD_RUNPATH_SEARCH_PATHS = (
					"$(inherited)",
					"@executable_path/Frameworks",
				);
				PRODUCT_BUNDLE_IDENTIFIER = com.adachi.SwiftTransition;
				PRODUCT_NAME = "$(TARGET_NAME)";
				SWIFT_VERSION = 5.0;
				TARGETED_DEVICE_FAMILY = 1;
			};
			name = Debug;
		};
		4258F0F0249C78FB007AFA5E /* Release */ = {
			isa = XCBuildConfiguration;
			buildSettings = {
				ASSETCATALOG_COMPILER_APPICON_NAME = AppIcon;
				CODE_SIGN_STYLE = Automatic;
				INFOPLIST_FILE = SwiftTransition/Info.plist;
				LD_RUNPATH_SEARCH_PATHS = (
					"$(inherited)",
					"@executable_path/Frameworks",
				);
				PRODUCT_BUNDLE_IDENTIFIER = com.adachi.SwiftTransition;
				PRODUCT_NAME = "$(TARGET_NAME)";
				SWIFT_VERSION = 5.0;
				TARGETED_DEVICE_FAMILY = 1;
			};
			name = Release;
		};
/* End XCBuildConfiguration section */

/* Begin XCConfigurationList section */
		4258F0D5249C78F8007AFA5E /* Build configuration list for PBXProject "SwiftTransition" */ = {
			isa = XCConfigurationList;
			buildConfigurations = (
				4258F0EC249C78FB007AFA5E /* Debug */,
				4258F0ED249C78FB007AFA5E /* Release */,
			);
			defaultConfigurationIsVisible = 0;
			defaultConfigurationName = Release;
		};
		4258F0EE249C78FB007AFA5E /* Build configuration list for PBXNativeTarget "SwiftTransition" */ = {
			isa = XCConfigurationList;
			buildConfigurations = (
				4258F0EF249C78FB007AFA5E /* Debug */,
				4258F0F0249C78FB007AFA5E /* Release */,
			);
			defaultConfigurationIsVisible = 0;
			defaultConfigurationName = Release;
		};
/* End XCConfigurationList section */
	};
	rootObject = 4258F0D2249C78F8007AFA5E /* Project object */;
}
